hash: 3441bf6ff6d443d7e65fcdfc4f1d1b67e506cee012ed3b4901bbe2aab9890aa9
updated: 2019-05-10T09:37:59.428594527+08:00
imports:
- name: github.com/opentracing/opentracing-go
  version: 659c90643e714681897ec2521c60567dd21da733
  subpackages:
  - ext
  - log
- name: github.com/pkg/errors
  version: ba968bfe8b2f7e042a574c888954fccecfa385b4
- name: github.com/uber/jaeger-client-go
  version: 896f2abd37e099bae3eae942250d1a37e4bdce0b
  subpackages:
  - config
  - internal/baggage
  - internal/baggage/remote
  - internal/spanlog
  - internal/throttler
  - internal/throttler/remote
  - log
  - rpcmetrics
  - thrift
  - thrift-gen/agent
  - thrift-gen/baggage
  - thrift-gen/jaeger
  - thrift-gen/sampling
  - thrift-gen/zipkincore
  - transport
  - utils
- name: github.com/uber/jaeger-lib
  version: 0e30338a695636fe5bcf7301e8030ce8dd2a8530
  subpackages:
  - metrics
testImports: []
